
Microsoft Visual Studio Solution File, Format Version 12.00
# Visual Studio Version 17
VisualStudioVersion = 17.4.33403.182
MinimumVisualStudioVersion = 10.0.40219.1
Project("{FAE04EC0-301F-11D3-BF4B-00C04F79EFBC}") = "дз 08.03", "дз 08.03\дз 08.03.csproj", "{A0315E3D-45A0-44B4-B6B4-FDD380668913}"
EndProject
Global
	GlobalSection(SolutionConfigurationPlatforms) = preSolution
		Debug|Any CPU = Debug|Any CPU
		Release|Any CPU = Release|Any CPU
	EndGlobalSection
	GlobalSection(ProjectConfigurationPlatforms) = postSolution
		{A0315E3D-45A0-44B4-B6B4-FDD380668913}.Debug|Any CPU.ActiveCfg = Debug|Any CPU
		{A0315E3D-45A0-44B4-B6B4-FDD380668913}.Debug|Any CPU.Build.0 = Debug|Any CPU
		{A0315E3D-45A0-44B4-B6B4-FDD380668913}.Release|Any CPU.ActiveCfg = Release|Any CPU
		{A0315E3D-45A0-44B4-B6B4-FDD380668913}.Release|Any CPU.Build.0 = Release|Any CPU
	EndGlobalSection
	GlobalSection(SolutionProperties) = preSolution
		HideSolutionNode = FALSE
	EndGlobalSection
	GlobalSection(ExtensibilityGlobals) = postSolution
		SolutionGuid = {853BF03E-27DC-4417-8857-D48F13B15BDE}
	EndGlobalSection
EndGlobal
